// !$*UTF8*$!
{
	archiveVersion = 1;
	classes = {
	};
	objectVersion = 56;
	objects = {

/* Begin PBXBuildFile section */
		74D7D6D22C8F12B200B7B5FA /* AppDelegate.swift in Sources */ = {isa = PBXBuildFile; fileRef = 74D7D6D12C8F12B200B7B5FA /* AppDelegate.swift */; };
		74D7D6D42C8F12B200B7B5FA /* SceneDelegate.swift in Sources */ = {isa = PBXBuildFile; fileRef = 74D7D6D32C8F12B200B7B5FA /* SceneDelegate.swift */; };
		74D7D6D62C8F12B200B7B5FA /* ViewController.swift in Sources */ = {isa = PBXBuildFile; fileRef = 74D7D6D52C8F12B200B7B5FA /* ViewController.swift */; };
		74D7D6DB2C8F12B400B7B5FA /* Assets.xcassets in Resources */ = {isa = PBXBuildFile; fileRef = 74D7D6DA2C8F12B400B7B5FA /* Assets.xcassets */; };
		74D7D6DE2C8F12B400B7B5FA /* Base in Resources */ = {isa = PBXBuildFile; fileRef = 74D7D6DD2C8F12B400B7B5FA /* Base */; };
		74D7D6EB2C8F18CD00B7B5FA /* PexelsResponse.swift in Sources */ = {isa = PBXBuildFile; fileRef = 74D7D6EA2C8F18CD00B7B5FA /* PexelsResponse.swift */; };
		74D7D6EE2C8F19EE00B7B5FA /* PexelsService.swift in Sources */ = {isa = PBXBuildFile; fileRef = 74D7D6ED2C8F19EE00B7B5FA /* PexelsService.swift */; };
		74D7D6F02C8F1A6400B7B5FA /* PexelsViewModel.swift in Sources */ = {isa = PBXBuildFile; fileRef = 74D7D6EF2C8F1A6400B7B5FA /* PexelsViewModel.swift */; };
		74D7D6F42C8F27B900B7B5FA /* Error.swift in Sources */ = {isa = PBXBuildFile; fileRef = 74D7D6F32C8F27B900B7B5FA /* Error.swift */; };
		74D7D6F62C8F297500B7B5FA /* Photo.swift in Sources */ = {isa = PBXBuildFile; fileRef = 74D7D6F52C8F297500B7B5FA /* Photo.swift */; };
		74D7D6F82C8F298B00B7B5FA /* ImageSource.swift in Sources */ = {isa = PBXBuildFile; fileRef = 74D7D6F72C8F298B00B7B5FA /* ImageSource.swift */; };
/* End PBXBuildFile section */

/* Begin PBXFileReference section */
		74D7D6CE2C8F12B200B7B5FA /* Canva.app */ = {isa = PBXFileReference; explicitFileType = wrapper.application; includeInIndex = 0; path = Canva.app; sourceTree = BUILT_PRODUCTS_DIR; };
		74D7D6D12C8F12B200B7B5FA /* AppDelegate.swift */ = {isa = PBXFileReference; lastKnownFileType = sourcecode.swift; path = AppDelegate.swift; sourceTree = "<group>"; };
		74D7D6D32C8F12B200B7B5FA /* SceneDelegate.swift */ = {isa = PBXFileReference; lastKnownFileType = sourcecode.swift; path = SceneDelegate.swift; sourceTree = "<group>"; };
		74D7D6D52C8F12B200B7B5FA /* ViewController.swift */ = {isa = PBXFileReference; lastKnownFileType = sourcecode.swift; path = ViewController.swift; sourceTree = "<group>"; };
		74D7D6DA2C8F12B400B7B5FA /* Assets.xcassets */ = {isa = PBXFileReference; lastKnownFileType = folder.assetcatalog; path = Assets.xcassets; sourceTree = "<group>"; };
		74D7D6DD2C8F12B400B7B5FA /* Base */ = {isa = PBXFileReference; lastKnownFileType = file.storyboard; name = Base; path = Base.lproj/LaunchScreen.storyboard; sourceTree = "<group>"; };
		74D7D6DF2C8F12B400B7B5FA /* Info.plist */ = {isa = PBXFileReference; lastKnownFileType = text.plist.xml; path = Info.plist; sourceTree = "<group>"; };
		74D7D6EA2C8F18CD00B7B5FA /* PexelsResponse.swift */ = {isa = PBXFileReference; lastKnownFileType = sourcecode.swift; path = PexelsResponse.swift; sourceTree = "<group>"; };
		74D7D6ED2C8F19EE00B7B5FA /* PexelsService.swift */ = {isa = PBXFileReference; lastKnownFileType = sourcecode.swift; path = PexelsService.swift; sourceTree = "<group>"; };
		74D7D6EF2C8F1A6400B7B5FA /* PexelsViewModel.swift */ = {isa = PBXFileReference; lastKnownFileType = sourcecode.swift; path = PexelsViewModel.swift; sourceTree = "<group>"; };
		74D7D6F32C8F27B900B7B5FA /* Error.swift */ = {isa = PBXFileReference; lastKnownFileType = sourcecode.swift; path = Error.swift; sourceTree = "<group>"; };
		74D7D6F52C8F297500B7B5FA /* Photo.swift */ = {isa = PBXFileReference; lastKnownFileType = sourcecode.swift; path = Photo.swift; sourceTree = "<group>"; };
		74D7D6F72C8F298B00B7B5FA /* ImageSource.swift */ = {isa = PBXFileReference; lastKnownFileType = sourcecode.swift; path = ImageSource.swift; sourceTree = "<group>"; };
/* End PBXFileReference section */

/* Begin PBXFrameworksBuildPhase section */
		74D7D6CB2C8F12B200B7B5FA /* Frameworks */ = {
			isa = PBXFrameworksBuildPhase;
			buildActionMask = 2147483647;
			files = (
			);
			runOnlyForDeploymentPostprocessing = 0;
		};
/* End PBXFrameworksBuildPhase section */

/* Begin PBXGroup section */
		74D7D6C52C8F12B200B7B5FA = {
			isa = PBXGroup;
			children = (
				74D7D6D02C8F12B200B7B5FA /* Canva */,
				74D7D6CF2C8F12B200B7B5FA /* Products */,
			);
			sourceTree = "<group>";
		};
		74D7D6CF2C8F12B200B7B5FA /* Products */ = {
			isa = PBXGroup;
			children = (
				74D7D6CE2C8F12B200B7B5FA /* Canva.app */,
			);
			name = Products;
			sourceTree = "<group>";
		};
		74D7D6D02C8F12B200B7B5FA /* Canva */ = {
			isa = PBXGroup;
			children = (
				74D7D6EC2C8F19D900B7B5FA /* Service */,
				74D7D6E92C8F18BB00B7B5FA /* Model */,
				74D7D6E82C8F189200B7B5FA /* ViewModel */,
				74D7D6E52C8F150400B7B5FA /* Resources */,
				74D7D6D52C8F12B200B7B5FA /* ViewController.swift */,
				74D7D6DF2C8F12B400B7B5FA /* Info.plist */,
			);
			path = Canva;
			sourceTree = "<group>";
		};
		74D7D6E52C8F150400B7B5FA /* Resources */ = {
			isa = PBXGroup;
			children = (
				74D7D6D32C8F12B200B7B5FA /* SceneDelegate.swift */,
				74D7D6D12C8F12B200B7B5FA /* AppDelegate.swift */,
				74D7D6DC2C8F12B400B7B5FA /* LaunchScreen.storyboard */,
				74D7D6DA2C8F12B400B7B5FA /* Assets.xcassets */,
			);
			path = Resources;
			sourceTree = "<group>";
		};
		74D7D6E82C8F189200B7B5FA /* ViewModel */ = {
			isa = PBXGroup;
			children = (
				74D7D6EF2C8F1A6400B7B5FA /* PexelsViewModel.swift */,
			);
			path = ViewModel;
			sourceTree = "<group>";
		};
		74D7D6E92C8F18BB00B7B5FA /* Model */ = {
			isa = PBXGroup;
			children = (
				74D7D6EA2C8F18CD00B7B5FA /* PexelsResponse.swift */,
				74D7D6F52C8F297500B7B5FA /* Photo.swift */,
				74D7D6F72C8F298B00B7B5FA /* ImageSource.swift */,
			);
			path = Model;
			sourceTree = "<group>";
		};
		74D7D6EC2C8F19D900B7B5FA /* Service */ = {
			isa = PBXGroup;
			children = (
				74D7D6ED2C8F19EE00B7B5FA /* PexelsService.swift */,
				74D7D6F32C8F27B900B7B5FA /* Error.swift */,
			);
			path = Service;
			sourceTree = "<group>";
		};
/* End PBXGroup section */

/* Begin PBXNativeTarget section */
		74D7D6CD2C8F12B200B7B5FA /* Canva */ = {
			isa = PBXNativeTarget;
			buildConfigurationList = 74D7D6E22C8F12B400B7B5FA /* Build configuration list for PBXNativeTarget "Canva" */;
			buildPhases = (
				74D7D6CA2C8F12B200B7B5FA /* Sources */,
				74D7D6CB2C8F12B200B7B5FA /* Frameworks */,
				74D7D6CC2C8F12B200B7B5FA /* Resources */,
			);
			buildRules = (
			);
			dependencies = (
			);
			name = Canva;
			productName = Canva;
			productReference = 74D7D6CE2C8F12B200B7B5FA /* Canva.app */;
			productType = "com.apple.product-type.application";
		};
/* End PBXNativeTarget section */

/* Begin PBXProject section */
		74D7D6C62C8F12B200B7B5FA /* Project object */ = {
			isa = PBXProject;
			attributes = {
				BuildIndependentTargetsInParallel = 1;
				LastSwiftUpdateCheck = 1530;
				LastUpgradeCheck = 1530;
				TargetAttributes = {
					74D7D6CD2C8F12B200B7B5FA = {
						CreatedOnToolsVersion = 15.3;
					};
				};
			};
			buildConfigurationList = 74D7D6C92C8F12B200B7B5FA /* Build configuration list for PBXProject "Canva" */;
			compatibilityVersion = "Xcode 14.0";
			developmentRegion = en;
			hasScannedForEncodings = 0;
			knownRegions = (
				en,
				Base,
			);
			mainGroup = 74D7D6C52C8F12B200B7B5FA;
			productRefGroup = 74D7D6CF2C8F12B200B7B5FA /* Products */;
			projectDirPath = "";
			projectRoot = "";
			targets = (
				74D7D6CD2C8F12B200B7B5FA /* Canva */,
			);
		};
/* End PBXProject section */

/* Begin PBXResourcesBuildPhase section */
		74D7D6CC2C8F12B200B7B5FA /* Resources */ = {
			isa = PBXResourcesBuildPhase;
			buildActionMask = 2147483647;
			files = (
				74D7D6DB2C8F12B400B7B5FA /* Assets.xcassets in Resources */,
				74D7D6DE2C8F12B400B7B5FA /* Base in Resources */,
			);
			runOnlyForDeploymentPostprocessing = 0;
		};
/* End PBXResourcesBuildPhase section */

/* Begin PBXSourcesBuildPhase section */
		74D7D6CA2C8F12B200B7B5FA /* Sources */ = {
			isa = PBXSourcesBuildPhase;
			buildActionMask = 2147483647;
			files = (
				74D7D6F62C8F297500B7B5FA /* Photo.swift in Sources */,
				74D7D6F02C8F1A6400B7B5FA /* PexelsViewModel.swift in Sources */,
				74D7D6D62C8F12B200B7B5FA /* ViewController.swift in Sources */,
				74D7D6D22C8F12B200B7B5FA /* AppDelegate.swift in Sources */,
				74D7D6F82C8F298B00B7B5FA /* ImageSource.swift in Sources */,
				74D7D6D42C8F12B200B7B5FA /* SceneDelegate.swift in Sources */,
				74D7D6F42C8F27B900B7B5FA /* Error.swift in Sources */,
				74D7D6EE2C8F19EE00B7B5FA /* PexelsService.swift in Sources */,
				74D7D6EB2C8F18CD00B7B5FA /* PexelsResponse.swift in Sources */,
			);
			runOnlyForDeploymentPostprocessing = 0;
		};
/* End PBXSourcesBuildPhase section */

/* Begin PBXVariantGroup section */
		74D7D6DC2C8F12B400B7B5FA /* LaunchScreen.storyboard */ = {
			isa = PBXVariantGroup;
			children = (
				74D7D6DD2C8F12B400B7B5FA /* Base */,
			);
			name = LaunchScreen.storyboard;
			sourceTree = "<group>";
		};
/* End PBXVariantGroup section */

/* Begin XCBuildConfiguration section */
		74D7D6E02C8F12B400B7B5FA /* Debug */ = {
			isa = XCBuildConfiguration;
			buildSettings = {
				ALWAYS_SEARCH_USER_PATHS = NO;
				ASSETCATALOG_COMPILER_GENERATE_SWIFT_ASSET_SYMBOL_EXTENSIONS = YES;
				CLANG_ANALYZER_NONNULL = YES;
				CLANG_ANALYZER_NUMBER_OBJECT_CONVERSION = YES_AGGRESSIVE;
				CLANG_CXX_LANGUAGE_STANDARD = "gnu++20";
				CLANG_ENABLE_MODULES = YES;
				CLANG_ENABLE_OBJC_ARC = YES;
				CLANG_ENABLE_OBJC_WEAK = YES;
				CLANG_WARN_BLOCK_CAPTURE_AUTORELEASING = YES;
				CLANG_WARN_BOOL_CONVERSION = YES;
				CLANG_WARN_COMMA = YES;
				CLANG_WARN_CONSTANT_CONVERSION = YES;
				CLANG_WARN_DEPRECATED_OBJC_IMPLEMENTATIONS = YES;
				CLANG_WARN_DIRECT_OBJC_ISA_USAGE = YES_ERROR;
				CLANG_WARN_DOCUMENTATION_COMMENTS = YES;
				CLANG_WARN_EMPTY_BODY = YES;
				CLANG_WARN_ENUM_CONVERSION = YES;
				CLANG_WARN_INFINITE_RECURSION = YES;
				CLANG_WARN_INT_CONVERSION = YES;
				CLANG_WARN_NON_LITERAL_NULL_CONVERSION = YES;
				CLANG_WARN_OBJC_IMPLICIT_RETAIN_SELF = YES;
				CLANG_WARN_OBJC_LITERAL_CONVERSION = YES;
				CLANG_WARN_OBJC_ROOT_CLASS = YES_ERROR;
				CLANG_WARN_QUOTED_INCLUDE_IN_FRAMEWORK_HEADER = YES;
				CLANG_WARN_RANGE_LOOP_ANALYSIS = YES;
				CLANG_WARN_STRICT_PROTOTYPES = YES;
				CLANG_WARN_SUSPICIOUS_MOVE = YES;
				CLANG_WARN_UNGUARDED_AVAILABILITY = YES_AGGRESSIVE;
				CLANG_WARN_UNREACHABLE_CODE = YES;
				CLANG_WARN__DUPLICATE_METHOD_MATCH = YES;
				COPY_PHASE_STRIP = NO;
				DEBUG_INFORMATION_FORMAT = dwarf;
				ENABLE_STRICT_OBJC_MSGSEND = YES;
				ENABLE_TESTABILITY = YES;
				ENABLE_USER_SCRIPT_SANDBOXING = YES;
				GCC_C_LANGUAGE_STANDARD = gnu17;
				GCC_DYNAMIC_NO_PIC = NO;
				GCC_NO_COMMON_BLOCKS = YES;
				GCC_OPTIMIZATION_LEVEL = 0;
				GCC_PREPROCESSOR_DEFINITIONS = (
					"DEBUG=1",
					"$(inherited)",
				);
				GCC_WARN_64_TO_32_BIT_CONVERSION = YES;
				GCC_WARN_ABOUT_RETURN_TYPE = YES_ERROR;
				GCC_WARN_UNDECLARED_SELECTOR = YES;
				GCC_WARN_UNINITIALIZED_AUTOS = YES_AGGRESSIVE;
				GCC_WARN_UNUSED_FUNCTION = YES;
				GCC_WARN_UNUSED_VARIABLE = YES;
				IPHONEOS_DEPLOYMENT_TARGET = 17.4;
				LOCALIZATION_PREFERS_STRING_CATALOGS = YES;
				MTL_ENABLE_DEBUG_INFO = INCLUDE_SOURCE;
				MTL_FAST_MATH = YES;
				ONLY_ACTIVE_ARCH = YES;
				SDKROOT = iphoneos;
				SWIFT_ACTIVE_COMPILATION_CONDITIONS = "DEBUG $(inherited)";
				SWIFT_OPTIMIZATION_LEVEL = "-Onone";
			};
			name = Debug;
		};
		74D7D6E12C8F12B400B7B5FA /* Release */ = {
			isa = XCBuildConfiguration;
			buildSettings = {
				ALWAYS_SEARCH_USER_PATHS = NO;
				ASSETCATALOG_COMPILER_GENERATE_SWIFT_ASSET_SYMBOL_EXTENSIONS = YES;
				CLANG_ANALYZER_NONNULL = YES;
				CLANG_ANALYZER_NUMBER_OBJECT_CONVERSION = YES_AGGRESSIVE;
				CLANG_CXX_LANGUAGE_STANDARD = "gnu++20";
				CLANG_ENABLE_MODULES = YES;
				CLANG_ENABLE_OBJC_ARC = YES;
				CLANG_ENABLE_OBJC_WEAK = YES;
				CLANG_WARN_BLOCK_CAPTURE_AUTORELEASING = YES;
				CLANG_WARN_BOOL_CONVERSION = YES;
				CLANG_WARN_COMMA = YES;
				CLANG_WARN_CONSTANT_CONVERSION = YES;
				CLANG_WARN_DEPRECATED_OBJC_IMPLEMENTATIONS = YES;
				CLANG_WARN_DIRECT_OBJC_ISA_USAGE = YES_ERROR;
				CLANG_WARN_DOCUMENTATION_COMMENTS = YES;
				CLANG_WARN_EMPTY_BODY = YES;
				CLANG_WARN_ENUM_CONVERSION = YES;
				CLANG_WARN_INFINITE_RECURSION = YES;
				CLANG_WARN_INT_CONVERSION = YES;
				CLANG_WARN_NON_LITERAL_NULL_CONVERSION = YES;
				CLANG_WARN_OBJC_IMPLICIT_RETAIN_SELF = YES;
				CLANG_WARN_OBJC_LITERAL_CONVERSION = YES;
				CLANG_WARN_OBJC_ROOT_CLASS = YES_ERROR;
				CLANG_WARN_QUOTED_INCLUDE_IN_FRAMEWORK_HEADER = YES;
				CLANG_WARN_RANGE_LOOP_ANALYSIS = YES;
				CLANG_WARN_STRICT_PROTOTYPES = YES;
				CLANG_WARN_SUSPICIOUS_MOVE = YES;
				CLANG_WARN_UNGUARDED_AVAILABILITY = YES_AGGRESSIVE;
				CLANG_WARN_UNREACHABLE_CODE = YES;
				CLANG_WARN__DUPLICATE_METHOD_MATCH = YES;
				COPY_PHASE_STRIP = NO;
				DEBUG_INFORMATION_FORMAT = "dwarf-with-dsym";
				ENABLE_NS_ASSERTIONS = NO;
				ENABLE_STRICT_OBJC_MSGSEND = YES;
				ENABLE_USER_SCRIPT_SANDBOXING = YES;
				GCC_C_LANGUAGE_STANDARD = gnu17;
				GCC_NO_COMMON_BLOCKS = YES;
				GCC_WARN_64_TO_32_BIT_CONVERSION = YES;
				GCC_WARN_ABOUT_RETURN_TYPE = YES_ERROR;
				GCC_WARN_UNDECLARED_SELECTOR = YES;
				GCC_WARN_UNINITIALIZED_AUTOS = YES_AGGRESSIVE;
				GCC_WARN_UNUSED_FUNCTION = YES;
				GCC_WARN_UNUSED_VARIABLE = YES;
				IPHONEOS_DEPLOYMENT_TARGET = 17.4;
				LOCALIZATION_PREFERS_STRING_CATALOGS = YES;
				MTL_ENABLE_DEBUG_INFO = NO;
				MTL_FAST_MATH = YES;
				SDKROOT = iphoneos;
				SWIFT_COMPILATION_MODE = wholemodule;
				VALIDATE_PRODUCT = YES;
			};
			name = Release;
		};
		74D7D6E32C8F12B400B7B5FA /* Debug */ = {
			isa = XCBuildConfiguration;
			buildSettings = {
				ASSETCATALOG_COMPILER_APPICON_NAME = AppIcon;
				ASSETCATALOG_COMPILER_GLOBAL_ACCENT_COLOR_NAME = AccentColor;
				CODE_SIGN_STYLE = Automatic;
				CURRENT_PROJECT_VERSION = 1;
				GENERATE_INFOPLIST_FILE = YES;
				INFOPLIST_FILE = Canva/Info.plist;
				INFOPLIST_KEY_UIApplicationSupportsIndirectInputEvents = YES;
				INFOPLIST_KEY_UILaunchStoryboardName = LaunchScreen;
				INFOPLIST_KEY_UISupportedInterfaceOrientations_iPad = "UIInterfaceOrientationPortrait UIInterfaceOrientationPortraitUpsideDown UIInterfaceOrientationLandscapeLeft UIInterfaceOrientationLandscapeRight";
				INFOPLIST_KEY_UISupportedInterfaceOrientations_iPhone = "UIInterfaceOrientationPortrait UIInterfaceOrientationLandscapeLeft UIInterfaceOrientationLandscapeRight";
				LD_RUNPATH_SEARCH_PATHS = (
					"$(inherited)",
					"@executable_path/Frameworks",
				);
				MARKETING_VERSION = 1.0;
				PRODUCT_BUNDLE_IDENTIFIER = com.Canva;
				PRODUCT_NAME = "$(TARGET_NAME)";
				SWIFT_EMIT_LOC_STRINGS = YES;
				SWIFT_VERSION = 5.0;
				TARGETED_DEVICE_FAMILY = "1,2";
			};
			name = Debug;
		};
		74D7D6E42C8F12B400B7B5FA /* Release */ = {
			isa = XCBuildConfiguration;
			buildSettings = {
				ASSETCATALOG_COMPILER_APPICON_NAME = AppIcon;
				ASSETCATALOG_COMPILER_GLOBAL_ACCENT_COLOR_NAME = AccentColor;
				CODE_SIGN_STYLE = Automatic;
				CURRENT_PROJECT_VERSION = 1;
				GENERATE_INFOPLIST_FILE = YES;
				INFOPLIST_FILE = Canva/Info.plist;
				INFOPLIST_KEY_UIApplicationSupportsIndirectInputEvents = YES;
				INFOPLIST_KEY_UILaunchStoryboardName = LaunchScreen;
				INFOPLIST_KEY_UISupportedInterfaceOrientations_iPad = "UIInterfaceOrientationPortrait UIInterfaceOrientationPortraitUpsideDown UIInterfaceOrientationLandscapeLeft UIInterfaceOrientationLandscapeRight";
				INFOPLIST_KEY_UISupportedInterfaceOrientations_iPhone = "UIInterfaceOrientationPortrait UIInterfaceOrientationLandscapeLeft UIInterfaceOrientationLandscapeRight";
				LD_RUNPATH_SEARCH_PATHS = (
					"$(inherited)",
					"@executable_path/Frameworks",
				);
				MARKETING_VERSION = 1.0;
				PRODUCT_BUNDLE_IDENTIFIER = com.Canva;
				PRODUCT_NAME = "$(TARGET_NAME)";
				SWIFT_EMIT_LOC_STRINGS = YES;
				SWIFT_VERSION = 5.0;
				TARGETED_DEVICE_FAMILY = "1,2";
			};
			name = Release;
		};
/* End XCBuildConfiguration section */

/* Begin XCConfigurationList section */
		74D7D6C92C8F12B200B7B5FA /* Build configuration list for PBXProject "Canva" */ = {
			isa = XCConfigurationList;
			buildConfigurations = (
				74D7D6E02C8F12B400B7B5FA /* Debug */,
				74D7D6E12C8F12B400B7B5FA /* Release */,
			);
			defaultConfigurationIsVisible = 0;
			defaultConfigurationName = Release;
		};
		74D7D6E22C8F12B400B7B5FA /* Build configuration list for PBXNativeTarget "Canva" */ = {
			isa = XCConfigurationList;
			buildConfigurations = (
				74D7D6E32C8F12B400B7B5FA /* Debug */,
				74D7D6E42C8F12B400B7B5FA /* Release */,
			);
			defaultConfigurationIsVisible = 0;
			defaultConfigurationName = Release;
		};
/* End XCConfigurationList section */
	};
	rootObject = 74D7D6C62C8F12B200B7B5FA /* Project object */;
}
